
Microsoft Visual Studio Solution File, Format Version 12.00
# Visual Studio Version 16
VisualStudioVersion = 16.0.29709.97
MinimumVisualStudioVersion = 10.0.40219.1
Project("{8BC9CEB8-8B4A-11D0-8D11-00A0C91BC942}") = "FlowInjector", "FlowInjector\FlowInjector.vcxproj", "{8B88BDD7-32C4-4816-8397-13B0AD94B772}"
	ProjectSection(ProjectDependencies) = postProject
		{D79F4E2C-C9BE-418C-9D7E-CB250C8506CF} = {D79F4E2C-C9BE-418C-9D7E-CB250C8506CF}
		{FE1B753F-FFE4-4AAC-9DF6-AF32DE523A84} = {FE1B753F-FFE4-4AAC-9DF6-AF32DE523A84}
		{98241C55-6F4D-4A8C-A0E2-BE40FE816573} = {98241C55-6F4D-4A8C-A0E2-BE40FE816573}
		{88F907D9-9C62-44E8-8606-01AC60BC78E2} = {88F907D9-9C62-44E8-8606-01AC60BC78E2}
	EndProjectSection
EndProject
Project("{8BC9CEB8-8B4A-11D0-8D11-00A0C91BC942}") = "LIST_AND_GRAPH", "..\LIST_AND_GRAPH\LIST_AND_GRAPH\LIST_AND_GRAPH.vcxproj", "{521F52B9-7DF6-43D2-8D24-8D42BAFF5E95}"
EndProject
Project("{8BC9CEB8-8B4A-11D0-8D11-00A0C91BC942}") = "InstructionCounter", "..\InstructionCounter\InstructionCounter\InstructionCounter.vcxproj", "{98241C55-6F4D-4A8C-A0E2-BE40FE816573}"
	ProjectSection(ProjectDependencies) = postProject
		{521F52B9-7DF6-43D2-8D24-8D42BAFF5E95} = {521F52B9-7DF6-43D2-8D24-8D42BAFF5E95}
	EndProjectSection
EndProject
Project("{8BC9CEB8-8B4A-11D0-8D11-00A0C91BC942}") = "FlowUser", "..\FlowUser\FlowUser\FlowUser.vcxproj", "{D79F4E2C-C9BE-418C-9D7E-CB250C8506CF}"
	ProjectSection(ProjectDependencies) = postProject
		{98241C55-6F4D-4A8C-A0E2-BE40FE816573} = {98241C55-6F4D-4A8C-A0E2-BE40FE816573}
		{521F52B9-7DF6-43D2-8D24-8D42BAFF5E95} = {521F52B9-7DF6-43D2-8D24-8D42BAFF5E95}
		{88F907D9-9C62-44E8-8606-01AC60BC78E2} = {88F907D9-9C62-44E8-8606-01AC60BC78E2}
	EndProjectSection
EndProject
Project("{8BC9CEB8-8B4A-11D0-8D11-00A0C91BC942}") = "Injector", "..\Injector\Injector\Injector.vcxproj", "{FE1B753F-FFE4-4AAC-9DF6-AF32DE523A84}"
EndProject
Project("{8BC9CEB8-8B4A-11D0-8D11-00A0C91BC942}") = "Flow", "..\Flow\Flow.vcxproj", "{88F907D9-9C62-44E8-8606-01AC60BC78E2}"
	ProjectSection(ProjectDependencies) = postProject
		{4BFA8204-8365-42A6-9C86-038D5FC9C905} = {4BFA8204-8365-42A6-9C86-038D5FC9C905}
		{FE1B753F-FFE4-4AAC-9DF6-AF32DE523A84} = {FE1B753F-FFE4-4AAC-9DF6-AF32DE523A84}
		{98241C55-6F4D-4A8C-A0E2-BE40FE816573} = {98241C55-6F4D-4A8C-A0E2-BE40FE816573}
	EndProjectSection
EndProject
Project("{8BC9CEB8-8B4A-11D0-8D11-00A0C91BC942}") = "Hook", "..\Hook\Hook.vcxproj", "{4BFA8204-8365-42A6-9C86-038D5FC9C905}"
	ProjectSection(ProjectDependencies) = postProject
		{98241C55-6F4D-4A8C-A0E2-BE40FE816573} = {98241C55-6F4D-4A8C-A0E2-BE40FE816573}
		{521F52B9-7DF6-43D2-8D24-8D42BAFF5E95} = {521F52B9-7DF6-43D2-8D24-8D42BAFF5E95}
	EndProjectSection
EndProject
Global
	GlobalSection(SolutionConfigurationPlatforms) = preSolution
		Debug|x64 = Debug|x64
		Debug|x86 = Debug|x86
		Release|x64 = Release|x64
		Release|x86 = Release|x86
	EndGlobalSection
	GlobalSection(ProjectConfigurationPlatforms) = postSolution
		{8B88BDD7-32C4-4816-8397-13B0AD94B772}.Debug|x64.ActiveCfg = Debug|x64
		{8B88BDD7-32C4-4816-8397-13B0AD94B772}.Debug|x64.Build.0 = Debug|x64
		{8B88BDD7-32C4-4816-8397-13B0AD94B772}.Debug|x86.ActiveCfg = Debug|Win32
		{8B88BDD7-32C4-4816-8397-13B0AD94B772}.Debug|x86.Build.0 = Debug|Win32
		{8B88BDD7-32C4-4816-8397-13B0AD94B772}.Release|x64.ActiveCfg = Release|x64
		{8B88BDD7-32C4-4816-8397-13B0AD94B772}.Release|x64.Build.0 = Release|x64
		{8B88BDD7-32C4-4816-8397-13B0AD94B772}.Release|x86.ActiveCfg = Release|Win32
		{8B88BDD7-32C4-4816-8397-13B0AD94B772}.Release|x86.Build.0 = Release|Win32
		{521F52B9-7DF6-43D2-8D24-8D42BAFF5E95}.Debug|x64.ActiveCfg = Debug|x64
		{521F52B9-7DF6-43D2-8D24-8D42BAFF5E95}.Debug|x64.Build.0 = Debug|x64
		{521F52B9-7DF6-43D2-8D24-8D42BAFF5E95}.Debug|x86.ActiveCfg = Debug|Win32
		{521F52B9-7DF6-43D2-8D24-8D42BAFF5E95}.Debug|x86.Build.0 = Debug|Win32
		{521F52B9-7DF6-43D2-8D24-8D42BAFF5E95}.Release|x64.ActiveCfg = Release|x64
		{521F52B9-7DF6-43D2-8D24-8D42BAFF5E95}.Release|x64.Build.0 = Release|x64
		{521F52B9-7DF6-43D2-8D24-8D42BAFF5E95}.Release|x86.ActiveCfg = Release|Win32
		{521F52B9-7DF6-43D2-8D24-8D42BAFF5E95}.Release|x86.Build.0 = Release|Win32
		{98241C55-6F4D-4A8C-A0E2-BE40FE816573}.Debug|x64.ActiveCfg = Debug|x64
		{98241C55-6F4D-4A8C-A0E2-BE40FE816573}.Debug|x64.Build.0 = Debug|x64
		{98241C55-6F4D-4A8C-A0E2-BE40FE816573}.Debug|x86.ActiveCfg = Debug|Win32
		{98241C55-6F4D-4A8C-A0E2-BE40FE816573}.Debug|x86.Build.0 = Debug|Win32
		{98241C55-6F4D-4A8C-A0E2-BE40FE816573}.Release|x64.ActiveCfg = Release|x64
		{98241C55-6F4D-4A8C-A0E2-BE40FE816573}.Release|x64.Build.0 = Release|x64
		{98241C55-6F4D-4A8C-A0E2-BE40FE816573}.Release|x86.ActiveCfg = Release|Win32
		{98241C55-6F4D-4A8C-A0E2-BE40FE816573}.Release|x86.Build.0 = Release|Win32
		{D79F4E2C-C9BE-418C-9D7E-CB250C8506CF}.Debug|x64.ActiveCfg = Debug|x64
		{D79F4E2C-C9BE-418C-9D7E-CB250C8506CF}.Debug|x64.Build.0 = Debug|x64
		{D79F4E2C-C9BE-418C-9D7E-CB250C8506CF}.Debug|x86.ActiveCfg = Debug|Win32
		{D79F4E2C-C9BE-418C-9D7E-CB250C8506CF}.Debug|x86.Build.0 = Debug|Win32
		{D79F4E2C-C9BE-418C-9D7E-CB250C8506CF}.Release|x64.ActiveCfg = Release|x64
		{D79F4E2C-C9BE-418C-9D7E-CB250C8506CF}.Release|x64.Build.0 = Release|x64
		{D79F4E2C-C9BE-418C-9D7E-CB250C8506CF}.Release|x86.ActiveCfg = Release|Win32
		{D79F4E2C-C9BE-418C-9D7E-CB250C8506CF}.Release|x86.Build.0 = Release|Win32
		{FE1B753F-FFE4-4AAC-9DF6-AF32DE523A84}.Debug|x64.ActiveCfg = Debug|x64
		{FE1B753F-FFE4-4AAC-9DF6-AF32DE523A84}.Debug|x64.Build.0 = Debug|x64
		{FE1B753F-FFE4-4AAC-9DF6-AF32DE523A84}.Debug|x86.ActiveCfg = Debug|Win32
		{FE1B753F-FFE4-4AAC-9DF6-AF32DE523A84}.Debug|x86.Build.0 = Debug|Win32
		{FE1B753F-FFE4-4AAC-9DF6-AF32DE523A84}.Release|x64.ActiveCfg = Release|x64
		{FE1B753F-FFE4-4AAC-9DF6-AF32DE523A84}.Release|x64.Build.0 = Release|x64
		{FE1B753F-FFE4-4AAC-9DF6-AF32DE523A84}.Release|x86.ActiveCfg = Release|Win32
		{FE1B753F-FFE4-4AAC-9DF6-AF32DE523A84}.Release|x86.Build.0 = Release|Win32
		{88F907D9-9C62-44E8-8606-01AC60BC78E2}.Debug|x64.ActiveCfg = Debug|x64
		{88F907D9-9C62-44E8-8606-01AC60BC78E2}.Debug|x64.Build.0 = Debug|x64
		{88F907D9-9C62-44E8-8606-01AC60BC78E2}.Debug|x86.ActiveCfg = Debug|Win32
		{88F907D9-9C62-44E8-8606-01AC60BC78E2}.Debug|x86.Build.0 = Debug|Win32
		{88F907D9-9C62-44E8-8606-01AC60BC78E2}.Release|x64.ActiveCfg = Release|x64
		{88F907D9-9C62-44E8-8606-01AC60BC78E2}.Release|x64.Build.0 = Release|x64
		{88F907D9-9C62-44E8-8606-01AC60BC78E2}.Release|x86.ActiveCfg = Release|Win32
		{88F907D9-9C62-44E8-8606-01AC60BC78E2}.Release|x86.Build.0 = Release|Win32
		{4BFA8204-8365-42A6-9C86-038D5FC9C905}.Debug|x64.ActiveCfg = Debug|x64
		{4BFA8204-8365-42A6-9C86-038D5FC9C905}.Debug|x64.Build.0 = Debug|x64
		{4BFA8204-8365-42A6-9C86-038D5FC9C905}.Debug|x86.ActiveCfg = Debug|Win32
		{4BFA8204-8365-42A6-9C86-038D5FC9C905}.Debug|x86.Build.0 = Debug|Win32
		{4BFA8204-8365-42A6-9C86-038D5FC9C905}.Release|x64.ActiveCfg = Release|x64
		{4BFA8204-8365-42A6-9C86-038D5FC9C905}.Release|x64.Build.0 = Release|x64
		{4BFA8204-8365-42A6-9C86-038D5FC9C905}.Release|x86.ActiveCfg = Release|Win32
		{4BFA8204-8365-42A6-9C86-038D5FC9C905}.Release|x86.Build.0 = Release|Win32
	EndGlobalSection
	GlobalSection(SolutionProperties) = preSolution
		HideSolutionNode = FALSE
	EndGlobalSection
	GlobalSection(ExtensibilityGlobals) = postSolution
		SolutionGuid = {E3AF1B30-D916-4353-AFE5-BE3A56B6B425}
	EndGlobalSection
EndGlobal
